
Microsoft Visual Studio Solution File, Format Version 12.00
# Visual Studio Version 17
VisualStudioVersion = 17.10.35122.118
MinimumVisualStudioVersion = 10.0.40219.1
Project("{FAE04EC0-301F-11D3-BF4B-00C04F79EFBC}") = "Tetris", "Tetris\Tetris.csproj", "{153DEC4C-5F6C-42B1-AA63-8F111729C415}"
EndProject
Global
	GlobalSection(SolutionConfigurationPlatforms) = preSolution
		Debug|Any CPU = Debug|Any CPU
		Release|Any CPU = Release|Any CPU
	EndGlobalSection
	GlobalSection(ProjectConfigurationPlatforms) = postSolution
		{153DEC4C-5F6C-42B1-AA63-8F111729C415}.Debug|Any CPU.ActiveCfg = Debug|Any CPU
		{153DEC4C-5F6C-42B1-AA63-8F111729C415}.Debug|Any CPU.Build.0 = Debug|Any CPU
		{153DEC4C-5F6C-42B1-AA63-8F111729C415}.Release|Any CPU.ActiveCfg = Release|Any CPU
		{153DEC4C-5F6C-42B1-AA63-8F111729C415}.Release|Any CPU.Build.0 = Release|Any CPU
	EndGlobalSection
	GlobalSection(SolutionProperties) = preSolution
		HideSolutionNode = FALSE
	EndGlobalSection
	GlobalSection(ExtensibilityGlobals) = postSolution
		SolutionGuid = {D2AA0A23-1F2E-4D04-84AC-24E213FFA9FB}
	EndGlobalSection
EndGlobal
